// !$*UTF8*$!
{
	archiveVersion = 1;
	classes = {
	};
	objectVersion = 56;
	objects = {

/* Begin PBXBuildFile section */
		23E83A442B4C018700FB5819 /* AppDelegate.swift in Sources */ = {isa = PBXBuildFile; fileRef = 23E83A432B4C018700FB5819 /* AppDelegate.swift */; };
		23E83A462B4C018700FB5819 /* SceneDelegate.swift in Sources */ = {isa = PBXBuildFile; fileRef = 23E83A452B4C018700FB5819 /* SceneDelegate.swift */; };
		23E83A482B4C018700FB5819 /* ViewController.swift in Sources */ = {isa = PBXBuildFile; fileRef = 23E83A472B4C018700FB5819 /* ViewController.swift */; };
		23E83A4B2B4C018700FB5819 /* Main.storyboard in Resources */ = {isa = PBXBuildFile; fileRef = 23E83A492B4C018700FB5819 /* Main.storyboard */; };
		23E83A4D2B4C018700FB5819 /* Assets.xcassets in Resources */ = {isa = PBXBuildFile; fileRef = 23E83A4C2B4C018700FB5819 /* Assets.xcassets */; };
		23E83A502B4C018700FB5819 /* LaunchScreen.storyboard in Resources */ = {isa = PBXBuildFile; fileRef = 23E83A4E2B4C018700FB5819 /* LaunchScreen.storyboard */; };
		23E83A582B4C02A000FB5819 /* SecondVC.swift in Sources */ = {isa = PBXBuildFile; fileRef = 23E83A572B4C02A000FB5819 /* SecondVC.swift */; };
		23E83A5A2B4C02B900FB5819 /* ThirdVC.swift in Sources */ = {isa = PBXBuildFile; fileRef = 23E83A592B4C02B900FB5819 /* ThirdVC.swift */; };
		23E83A5C2B4C02EB00FB5819 /* FourthVC.swift in Sources */ = {isa = PBXBuildFile; fileRef = 23E83A5B2B4C02EB00FB5819 /* FourthVC.swift */; };
		23E83A5E2B4C032800FB5819 /* FifthVC.swift in Sources */ = {isa = PBXBuildFile; fileRef = 23E83A5D2B4C032800FB5819 /* FifthVC.swift */; };
		23E83A602B4C309200FB5819 /* SixthVC.swift in Sources */ = {isa = PBXBuildFile; fileRef = 23E83A5F2B4C309200FB5819 /* SixthVC.swift */; };
/* End PBXBuildFile section */

/* Begin PBXFileReference section */
		23E83A402B4C018700FB5819 /* homework#7.app */ = {isa = PBXFileReference; explicitFileType = wrapper.application; includeInIndex = 0; path = "homework#7.app"; sourceTree = BUILT_PRODUCTS_DIR; };
		23E83A432B4C018700FB5819 /* AppDelegate.swift */ = {isa = PBXFileReference; lastKnownFileType = sourcecode.swift; path = AppDelegate.swift; sourceTree = "<group>"; };
		23E83A452B4C018700FB5819 /* SceneDelegate.swift */ = {isa = PBXFileReference; lastKnownFileType = sourcecode.swift; path = SceneDelegate.swift; sourceTree = "<group>"; };
		23E83A472B4C018700FB5819 /* ViewController.swift */ = {isa = PBXFileReference; lastKnownFileType = sourcecode.swift; path = ViewController.swift; sourceTree = "<group>"; };
		23E83A4A2B4C018700FB5819 /* Base */ = {isa = PBXFileReference; lastKnownFileType = file.storyboard; name = Base; path = Base.lproj/Main.storyboard; sourceTree = "<group>"; };
		23E83A4C2B4C018700FB5819 /* Assets.xcassets */ = {isa = PBXFileReference; lastKnownFileType = folder.assetcatalog; path = Assets.xcassets; sourceTree = "<group>"; };
		23E83A4F2B4C018700FB5819 /* Base */ = {isa = PBXFileReference; lastKnownFileType = file.storyboard; name = Base; path = Base.lproj/LaunchScreen.storyboard; sourceTree = "<group>"; };
		23E83A512B4C018700FB5819 /* Info.plist */ = {isa = PBXFileReference; lastKnownFileType = text.plist.xml; path = Info.plist; sourceTree = "<group>"; };
		23E83A572B4C02A000FB5819 /* SecondVC.swift */ = {isa = PBXFileReference; lastKnownFileType = sourcecode.swift; path = SecondVC.swift; sourceTree = "<group>"; };
		23E83A592B4C02B900FB5819 /* ThirdVC.swift */ = {isa = PBXFileReference; lastKnownFileType = sourcecode.swift; path = ThirdVC.swift; sourceTree = "<group>"; };
		23E83A5B2B4C02EB00FB5819 /* FourthVC.swift */ = {isa = PBXFileReference; lastKnownFileType = sourcecode.swift; path = FourthVC.swift; sourceTree = "<group>"; };
		23E83A5D2B4C032800FB5819 /* FifthVC.swift */ = {isa = PBXFileReference; lastKnownFileType = sourcecode.swift; path = FifthVC.swift; sourceTree = "<group>"; };
		23E83A5F2B4C309200FB5819 /* SixthVC.swift */ = {isa = PBXFileReference; lastKnownFileType = sourcecode.swift; path = SixthVC.swift; sourceTree = "<group>"; };
/* End PBXFileReference section */

/* Begin PBXFrameworksBuildPhase section */
		23E83A3D2B4C018700FB5819 /* Frameworks */ = {
			isa = PBXFrameworksBuildPhase;
			buildActionMask = 2147483647;
			files = (
			);
			runOnlyForDeploymentPostprocessing = 0;
		};
/* End PBXFrameworksBuildPhase section */

/* Begin PBXGroup section */
		23E83A372B4C018700FB5819 = {
			isa = PBXGroup;
			children = (
				23E83A422B4C018700FB5819 /* homework#7 */,
				23E83A412B4C018700FB5819 /* Products */,
			);
			sourceTree = "<group>";
		};
		23E83A412B4C018700FB5819 /* Products */ = {
			isa = PBXGroup;
			children = (
				23E83A402B4C018700FB5819 /* homework#7.app */,
			);
			name = Products;
			sourceTree = "<group>";
		};
		23E83A422B4C018700FB5819 /* homework#7 */ = {
			isa = PBXGroup;
			children = (
				23E83A432B4C018700FB5819 /* AppDelegate.swift */,
				23E83A452B4C018700FB5819 /* SceneDelegate.swift */,
				23E83A472B4C018700FB5819 /* ViewController.swift */,
				23E83A492B4C018700FB5819 /* Main.storyboard */,
				23E83A4C2B4C018700FB5819 /* Assets.xcassets */,
				23E83A4E2B4C018700FB5819 /* LaunchScreen.storyboard */,
				23E83A512B4C018700FB5819 /* Info.plist */,
				23E83A572B4C02A000FB5819 /* SecondVC.swift */,
				23E83A592B4C02B900FB5819 /* ThirdVC.swift */,
				23E83A5B2B4C02EB00FB5819 /* FourthVC.swift */,
				23E83A5D2B4C032800FB5819 /* FifthVC.swift */,
				23E83A5F2B4C309200FB5819 /* SixthVC.swift */,
			);
			path = "homework#7";
			sourceTree = "<group>";
		};
/* End PBXGroup section */

/* Begin PBXNativeTarget section */
		23E83A3F2B4C018700FB5819 /* homework#7 */ = {
			isa = PBXNativeTarget;
			buildConfigurationList = 23E83A542B4C018700FB5819 /* Build configuration list for PBXNativeTarget "homework#7" */;
			buildPhases = (
				23E83A3C2B4C018700FB5819 /* Sources */,
				23E83A3D2B4C018700FB5819 /* Frameworks */,
				23E83A3E2B4C018700FB5819 /* Resources */,
			);
			buildRules = (
			);
			dependencies = (
			);
			name = "homework#7";
			productName = "homework#7";
			productReference = 23E83A402B4C018700FB5819 /* homework#7.app */;
			productType = "com.apple.product-type.application";
		};
/* End PBXNativeTarget section */

/* Begin PBXProject section */
		23E83A382B4C018700FB5819 /* Project object */ = {
			isa = PBXProject;
			attributes = {
				BuildIndependentTargetsInParallel = 1;
				LastSwiftUpdateCheck = 1500;
				LastUpgradeCheck = 1500;
				TargetAttributes = {
					23E83A3F2B4C018700FB5819 = {
						CreatedOnToolsVersion = 15.0;
					};
				};
			};
			buildConfigurationList = 23E83A3B2B4C018700FB5819 /* Build configuration list for PBXProject "homework#7" */;
			compatibilityVersion = "Xcode 14.0";
			developmentRegion = en;
			hasScannedForEncodings = 0;
			knownRegions = (
				en,
				Base,
			);
			mainGroup = 23E83A372B4C018700FB5819;
			productRefGroup = 23E83A412B4C018700FB5819 /* Products */;
			projectDirPath = "";
			projectRoot = "";
			targets = (
				23E83A3F2B4C018700FB5819 /* homework#7 */,
			);
		};
/* End PBXProject section */

/* Begin PBXResourcesBuildPhase section */
		23E83A3E2B4C018700FB5819 /* Resources */ = {
			isa = PBXResourcesBuildPhase;
			buildActionMask = 2147483647;
			files = (
				23E83A502B4C018700FB5819 /* LaunchScreen.storyboard in Resources */,
				23E83A4D2B4C018700FB5819 /* Assets.xcassets in Resources */,
				23E83A4B2B4C018700FB5819 /* Main.storyboard in Resources */,
			);
			runOnlyForDeploymentPostprocessing = 0;
		};
/* End PBXResourcesBuildPhase section */

/* Begin PBXSourcesBuildPhase section */
		23E83A3C2B4C018700FB5819 /* Sources */ = {
			isa = PBXSourcesBuildPhase;
			buildActionMask = 2147483647;
			files = (
				23E83A5C2B4C02EB00FB5819 /* FourthVC.swift in Sources */,
				23E83A602B4C309200FB5819 /* SixthVC.swift in Sources */,
				23E83A482B4C018700FB5819 /* ViewController.swift in Sources */,
				23E83A5E2B4C032800FB5819 /* FifthVC.swift in Sources */,
				23E83A442B4C018700FB5819 /* AppDelegate.swift in Sources */,
				23E83A582B4C02A000FB5819 /* SecondVC.swift in Sources */,
				23E83A462B4C018700FB5819 /* SceneDelegate.swift in Sources */,
				23E83A5A2B4C02B900FB5819 /* ThirdVC.swift in Sources */,
			);
			runOnlyForDeploymentPostprocessing = 0;
		};
/* End PBXSourcesBuildPhase section */

/* Begin PBXVariantGroup section */
		23E83A492B4C018700FB5819 /* Main.storyboard */ = {
			isa = PBXVariantGroup;
			children = (
				23E83A4A2B4C018700FB5819 /* Base */,
			);
			name = Main.storyboard;
			sourceTree = "<group>";
		};
		23E83A4E2B4C018700FB5819 /* LaunchScreen.storyboard */ = {
			isa = PBXVariantGroup;
			children = (
				23E83A4F2B4C018700FB5819 /* Base */,
			);
			name = LaunchScreen.storyboard;
			sourceTree = "<group>";
		};
/* End PBXVariantGroup section */

/* Begin XCBuildConfiguration section */
		23E83A522B4C018700FB5819 /* Debug */ = {
			isa = XCBuildConfiguration;
			buildSettings = {
				ALWAYS_SEARCH_USER_PATHS = NO;
				ASSETCATALOG_COMPILER_GENERATE_SWIFT_ASSET_SYMBOL_EXTENSIONS = YES;
				CLANG_ANALYZER_NONNULL = YES;
				CLANG_ANALYZER_NUMBER_OBJECT_CONVERSION = YES_AGGRESSIVE;
				CLANG_CXX_LANGUAGE_STANDARD = "gnu++20";
				CLANG_ENABLE_MODULES = YES;
				CLANG_ENABLE_OBJC_ARC = YES;
				CLANG_ENABLE_OBJC_WEAK = YES;
				CLANG_WARN_BLOCK_CAPTURE_AUTORELEASING = YES;
				CLANG_WARN_BOOL_CONVERSION = YES;
				CLANG_WARN_COMMA = YES;
				CLANG_WARN_CONSTANT_CONVERSION = YES;
				CLANG_WARN_DEPRECATED_OBJC_IMPLEMENTATIONS = YES;
				CLANG_WARN_DIRECT_OBJC_ISA_USAGE = YES_ERROR;
				CLANG_WARN_DOCUMENTATION_COMMENTS = YES;
				CLANG_WARN_EMPTY_BODY = YES;
				CLANG_WARN_ENUM_CONVERSION = YES;
				CLANG_WARN_INFINITE_RECURSION = YES;
				CLANG_WARN_INT_CONVERSION = YES;
				CLANG_WARN_NON_LITERAL_NULL_CONVERSION = YES;
				CLANG_WARN_OBJC_IMPLICIT_RETAIN_SELF = YES;
				CLANG_WARN_OBJC_LITERAL_CONVERSION = YES;
				CLANG_WARN_OBJC_ROOT_CLASS = YES_ERROR;
				CLANG_WARN_QUOTED_INCLUDE_IN_FRAMEWORK_HEADER = YES;
				CLANG_WARN_RANGE_LOOP_ANALYSIS = YES;
				CLANG_WARN_STRICT_PROTOTYPES = YES;
				CLANG_WARN_SUSPICIOUS_MOVE = YES;
				CLANG_WARN_UNGUARDED_AVAILABILITY = YES_AGGRESSIVE;
				CLANG_WARN_UNREACHABLE_CODE = YES;
				CLANG_WARN__DUPLICATE_METHOD_MATCH = YES;
				COPY_PHASE_STRIP = NO;
				DEBUG_INFORMATION_FORMAT = dwarf;
				ENABLE_STRICT_OBJC_MSGSEND = YES;
				ENABLE_TESTABILITY = YES;
				ENABLE_USER_SCRIPT_SANDBOXING = YES;
				GCC_C_LANGUAGE_STANDARD = gnu17;
				GCC_DYNAMIC_NO_PIC = NO;
				GCC_NO_COMMON_BLOCKS = YES;
				GCC_OPTIMIZATION_LEVEL = 0;
				GCC_PREPROCESSOR_DEFINITIONS = (
					"DEBUG=1",
					"$(inherited)",
				);
				GCC_WARN_64_TO_32_BIT_CONVERSION = YES;
				GCC_WARN_ABOUT_RETURN_TYPE = YES_ERROR;
				GCC_WARN_UNDECLARED_SELECTOR = YES;
				GCC_WARN_UNINITIALIZED_AUTOS = YES_AGGRESSIVE;
				GCC_WARN_UNUSED_FUNCTION = YES;
				GCC_WARN_UNUSED_VARIABLE = YES;
				IPHONEOS_DEPLOYMENT_TARGET = 17.0;
				LOCALIZATION_PREFERS_STRING_CATALOGS = YES;
				MTL_ENABLE_DEBUG_INFO = INCLUDE_SOURCE;
				MTL_FAST_MATH = YES;
				ONLY_ACTIVE_ARCH = YES;
				SDKROOT = iphoneos;
				SWIFT_ACTIVE_COMPILATION_CONDITIONS = "DEBUG $(inherited)";
				SWIFT_OPTIMIZATION_LEVEL = "-Onone";
			};
			name = Debug;
		};
		23E83A532B4C018700FB5819 /* Release */ = {
			isa = XCBuildConfiguration;
			buildSettings = {
				ALWAYS_SEARCH_USER_PATHS = NO;
				ASSETCATALOG_COMPILER_GENERATE_SWIFT_ASSET_SYMBOL_EXTENSIONS = YES;
				CLANG_ANALYZER_NONNULL = YES;
				CLANG_ANALYZER_NUMBER_OBJECT_CONVERSION = YES_AGGRESSIVE;
				CLANG_CXX_LANGUAGE_STANDARD = "gnu++20";
				CLANG_ENABLE_MODULES = YES;
				CLANG_ENABLE_OBJC_ARC = YES;
				CLANG_ENABLE_OBJC_WEAK = YES;
				CLANG_WARN_BLOCK_CAPTURE_AUTORELEASING = YES;
				CLANG_WARN_BOOL_CONVERSION = YES;
				CLANG_WARN_COMMA = YES;
				CLANG_WARN_CONSTANT_CONVERSION = YES;
				CLANG_WARN_DEPRECATED_OBJC_IMPLEMENTATIONS = YES;
				CLANG_WARN_DIRECT_OBJC_ISA_USAGE = YES_ERROR;
				CLANG_WARN_DOCUMENTATION_COMMENTS = YES;
				CLANG_WARN_EMPTY_BODY = YES;
				CLANG_WARN_ENUM_CONVERSION = YES;
				CLANG_WARN_INFINITE_RECURSION = YES;
				CLANG_WARN_INT_CONVERSION = YES;
				CLANG_WARN_NON_LITERAL_NULL_CONVERSION = YES;
				CLANG_WARN_OBJC_IMPLICIT_RETAIN_SELF = YES;
				CLANG_WARN_OBJC_LITERAL_CONVERSION = YES;
				CLANG_WARN_OBJC_ROOT_CLASS = YES_ERROR;
				CLANG_WARN_QUOTED_INCLUDE_IN_FRAMEWORK_HEADER = YES;
				CLANG_WARN_RANGE_LOOP_ANALYSIS = YES;
				CLANG_WARN_STRICT_PROTOTYPES = YES;
				CLANG_WARN_SUSPICIOUS_MOVE = YES;
				CLANG_WARN_UNGUARDED_AVAILABILITY = YES_AGGRESSIVE;
				CLANG_WARN_UNREACHABLE_CODE = YES;
				CLANG_WARN__DUPLICATE_METHOD_MATCH = YES;
				COPY_PHASE_STRIP = NO;
				DEBUG_INFORMATION_FORMAT = "dwarf-with-dsym";
				ENABLE_NS_ASSERTIONS = NO;
				ENABLE_STRICT_OBJC_MSGSEND = YES;
				ENABLE_USER_SCRIPT_SANDBOXING = YES;
				GCC_C_LANGUAGE_STANDARD = gnu17;
				GCC_NO_COMMON_BLOCKS = YES;
				GCC_WARN_64_TO_32_BIT_CONVERSION = YES;
				GCC_WARN_ABOUT_RETURN_TYPE = YES_ERROR;
				GCC_WARN_UNDECLARED_SELECTOR = YES;
				GCC_WARN_UNINITIALIZED_AUTOS = YES_AGGRESSIVE;
				GCC_WARN_UNUSED_FUNCTION = YES;
				GCC_WARN_UNUSED_VARIABLE = YES;
				IPHONEOS_DEPLOYMENT_TARGET = 17.0;
				LOCALIZATION_PREFERS_STRING_CATALOGS = YES;
				MTL_ENABLE_DEBUG_INFO = NO;
				MTL_FAST_MATH = YES;
				SDKROOT = iphoneos;
				SWIFT_COMPILATION_MODE = wholemodule;
				VALIDATE_PRODUCT = YES;
			};
			name = Release;
		};
		23E83A552B4C018700FB5819 /* Debug */ = {
			isa = XCBuildConfiguration;
			buildSettings = {
				ASSETCATALOG_COMPILER_APPICON_NAME = AppIcon;
				ASSETCATALOG_COMPILER_GLOBAL_ACCENT_COLOR_NAME = AccentColor;
				CODE_SIGN_STYLE = Automatic;
				CURRENT_PROJECT_VERSION = 1;
				DEVELOPMENT_TEAM = WZH3HL2JP2;
				GENERATE_INFOPLIST_FILE = YES;
				INFOPLIST_FILE = "homework#7/Info.plist";
				INFOPLIST_KEY_UIApplicationSupportsIndirectInputEvents = YES;
				INFOPLIST_KEY_UILaunchStoryboardName = LaunchScreen;
				INFOPLIST_KEY_UIMainStoryboardFile = Main;
				INFOPLIST_KEY_UISupportedInterfaceOrientations_iPad = "UIInterfaceOrientationPortrait UIInterfaceOrientationPortraitUpsideDown UIInterfaceOrientationLandscapeLeft UIInterfaceOrientationLandscapeRight";
				INFOPLIST_KEY_UISupportedInterfaceOrientations_iPhone = "UIInterfaceOrientationPortrait UIInterfaceOrientationLandscapeLeft UIInterfaceOrientationLandscapeRight";
				LD_RUNPATH_SEARCH_PATHS = (
					"$(inherited)",
					"@executable_path/Frameworks",
				);
				MARKETING_VERSION = 1.0;
				PRODUCT_BUNDLE_IDENTIFIER = "skushanski.homework-7";
				PRODUCT_NAME = "$(TARGET_NAME)";
				SWIFT_EMIT_LOC_STRINGS = YES;
				SWIFT_VERSION = 5.0;
				TARGETED_DEVICE_FAMILY = "1,2";
			};
			name = Debug;
		};
		23E83A562B4C018700FB5819 /* Release */ = {
			isa = XCBuildConfiguration;
			buildSettings = {
				ASSETCATALOG_COMPILER_APPICON_NAME = AppIcon;
				ASSETCATALOG_COMPILER_GLOBAL_ACCENT_COLOR_NAME = AccentColor;
				CODE_SIGN_STYLE = Automatic;
				CURRENT_PROJECT_VERSION = 1;
				DEVELOPMENT_TEAM = WZH3HL2JP2;
				GENERATE_INFOPLIST_FILE = YES;
				INFOPLIST_FILE = "homework#7/Info.plist";
				INFOPLIST_KEY_UIApplicationSupportsIndirectInputEvents = YES;
				INFOPLIST_KEY_UILaunchStoryboardName = LaunchScreen;
				INFOPLIST_KEY_UIMainStoryboardFile = Main;
				INFOPLIST_KEY_UISupportedInterfaceOrientations_iPad = "UIInterfaceOrientationPortrait UIInterfaceOrientationPortraitUpsideDown UIInterfaceOrientationLandscapeLeft UIInterfaceOrientationLandscapeRight";
				INFOPLIST_KEY_UISupportedInterfaceOrientations_iPhone = "UIInterfaceOrientationPortrait UIInterfaceOrientationLandscapeLeft UIInterfaceOrientationLandscapeRight";
				LD_RUNPATH_SEARCH_PATHS = (
					"$(inherited)",
					"@executable_path/Frameworks",
				);
				MARKETING_VERSION = 1.0;
				PRODUCT_BUNDLE_IDENTIFIER = "skushanski.homework-7";
				PRODUCT_NAME = "$(TARGET_NAME)";
				SWIFT_EMIT_LOC_STRINGS = YES;
				SWIFT_VERSION = 5.0;
				TARGETED_DEVICE_FAMILY = "1,2";
			};
			name = Release;
		};
/* End XCBuildConfiguration section */

/* Begin XCConfigurationList section */
		23E83A3B2B4C018700FB5819 /* Build configuration list for PBXProject "homework#7" */ = {
			isa = XCConfigurationList;
			buildConfigurations = (
				23E83A522B4C018700FB5819 /* Debug */,
				23E83A532B4C018700FB5819 /* Release */,
			);
			defaultConfigurationIsVisible = 0;
			defaultConfigurationName = Release;
		};
		23E83A542B4C018700FB5819 /* Build configuration list for PBXNativeTarget "homework#7" */ = {
			isa = XCConfigurationList;
			buildConfigurations = (
				23E83A552B4C018700FB5819 /* Debug */,
				23E83A562B4C018700FB5819 /* Release */,
			);
			defaultConfigurationIsVisible = 0;
			defaultConfigurationName = Release;
		};
/* End XCConfigurationList section */
	};
	rootObject = 23E83A382B4C018700FB5819 /* Project object */;
}
